# THIS IS AN AUTOGENERATED FILE. DO NOT EDIT THIS FILE DIRECTLY.
# yarn lockfile v1


random-id@^1.0.3:
  version "1.0.3"
  resolved "https://registry.yarnpkg.com/random-id/-/random-id-1.0.3.tgz#e9d7183caa1759a68582f3da4230454aded0eea3"
  integrity sha512-PbWMyIFUTeGWkqHTovth3Ww2i1zg54BubSwSTw4VVptfC2TlhMKo1CzfRUosz7ltJmfgJ/wrLEt/nyDf5Glx/Q==
